{
  "version": 4,
  "terraform_version": "1.15.8",
  "serial": 12,
  "lineage": "eab7b6d7-69af-bec6-a2a7-3dee7443aaf7",
  "outputs": {
    "random_pet_name": {
      "value": "remarkably-vast-tapir",
      "type": "string"
    }
  },
  "resources": [
    {
      "mode": "managed",
      "type": "random_pet",
      "name": "name",
      "provider": "provider[\"registry.terraform.io/hashicorp/random\"]",
      "instances": [
        {
          "schema_version": 0,
          "attributes": {
            "id": "remarkably-vast-tapir",
            "keepers": null,
            "length": 3,
            "prefix": null,
            "separator": "-"
          },
          "sensitive_attributes": [],
          "identity_schema_version": 0
        }
      ]
    }
  ],
  "check_results": null
}
